
Microsoft Visual Studio Solution File, Format Version 12.00
# Visual Studio Version 17
VisualStudioVersion = 17.0.31903.59
MinimumVisualStudioVersion = 10.0.40219.1
Project("{2150E333-8FDC-42A3-9474-1A3956D46DE8}") = "src", "src", "{BC77CE5A-0394-46F6-A1A0-D6E379D5EF1C}"
EndProject
Project("{FAE04EC0-301F-11D3-BF4B-00C04F79EFBC}") = "SimpleBrowserPicker", "src\SimpleBrowserPicker\SimpleBrowserPicker.csproj", "{4140C391-88C5-4FEE-B940-646D45A74916}"
EndProject
Global
	GlobalSection(SolutionConfigurationPlatforms) = preSolution
		Debug|Any CPU = Debug|Any CPU
		Release|Any CPU = Release|Any CPU
	EndGlobalSection
	GlobalSection(SolutionProperties) = preSolution
		HideSolutionNode = FALSE
	EndGlobalSection
	GlobalSection(ProjectConfigurationPlatforms) = postSolution
		{4140C391-88C5-4FEE-B940-646D45A74916}.Debug|Any CPU.ActiveCfg = Debug|Any CPU
		{4140C391-88C5-4FEE-B940-646D45A74916}.Debug|Any CPU.Build.0 = Debug|Any CPU
		{4140C391-88C5-4FEE-B940-646D45A74916}.Release|Any CPU.ActiveCfg = Release|Any CPU
		{4140C391-88C5-4FEE-B940-646D45A74916}.Release|Any CPU.Build.0 = Release|Any CPU
	EndGlobalSection
	GlobalSection(NestedProjects) = preSolution
		{4140C391-88C5-4FEE-B940-646D45A74916} = {BC77CE5A-0394-46F6-A1A0-D6E379D5EF1C}
	EndGlobalSection
EndGlobal
